
Microsoft Visual Studio Solution File, Format Version 12.00
# Visual Studio Version 16
VisualStudioVersion = 16.0.31911.196
MinimumVisualStudioVersion = 10.0.40219.1
Project("{FAE04EC0-301F-11D3-BF4B-00C04F79EFBC}") = "CSharp_Work06_JavaVsCpp", "CSharp_Work06_JavaVsCpp\CSharp_Work06_JavaVsCpp.csproj", "{FE6A96E0-950B-4413-8609-73D984AEA10F}"
EndProject
Global
	GlobalSection(SolutionConfigurationPlatforms) = preSolution
		Debug|Any CPU = Debug|Any CPU
		Release|Any CPU = Release|Any CPU
	EndGlobalSection
	GlobalSection(ProjectConfigurationPlatforms) = postSolution
		{FE6A96E0-950B-4413-8609-73D984AEA10F}.Debug|Any CPU.ActiveCfg = Debug|Any CPU
		{FE6A96E0-950B-4413-8609-73D984AEA10F}.Debug|Any CPU.Build.0 = Debug|Any CPU
		{FE6A96E0-950B-4413-8609-73D984AEA10F}.Release|Any CPU.ActiveCfg = Release|Any CPU
		{FE6A96E0-950B-4413-8609-73D984AEA10F}.Release|Any CPU.Build.0 = Release|Any CPU
	EndGlobalSection
	GlobalSection(SolutionProperties) = preSolution
		HideSolutionNode = FALSE
	EndGlobalSection
	GlobalSection(ExtensibilityGlobals) = postSolution
		SolutionGuid = {55AFAC78-E401-4E80-809D-F7AF31ACBD97}
	EndGlobalSection
EndGlobal
